
Microsoft Visual Studio Solution File, Format Version 12.00
# Visual Studio Version 17
VisualStudioVersion = 17.2.32602.215
MinimumVisualStudioVersion = 10.0.40219.1
Project("{FAE04EC0-301F-11D3-BF4B-00C04F79EFBC}") = "TargetLifeCycle", "TargetLifeCycle.csproj", "{EE19DF6F-C4F6-4CB6-84DD-CFCA5D2C77FD}"
EndProject
Global
	GlobalSection(SolutionConfigurationPlatforms) = preSolution
		Debug|Any CPU = Debug|Any CPU
		Release|Any CPU = Release|Any CPU
	EndGlobalSection
	GlobalSection(ProjectConfigurationPlatforms) = postSolution
		{EE19DF6F-C4F6-4CB6-84DD-CFCA5D2C77FD}.Debug|Any CPU.ActiveCfg = Debug|Any CPU
		{EE19DF6F-C4F6-4CB6-84DD-CFCA5D2C77FD}.Debug|Any CPU.Build.0 = Debug|Any CPU
		{EE19DF6F-C4F6-4CB6-84DD-CFCA5D2C77FD}.Release|Any CPU.ActiveCfg = Release|Any CPU
		{EE19DF6F-C4F6-4CB6-84DD-CFCA5D2C77FD}.Release|Any CPU.Build.0 = Release|Any CPU
	EndGlobalSection
	GlobalSection(SolutionProperties) = preSolution
		HideSolutionNode = FALSE
	EndGlobalSection
	GlobalSection(ExtensibilityGlobals) = postSolution
		SolutionGuid = {3C91750B-3243-42BD-8F08-730907850ACB}
	EndGlobalSection
EndGlobal
